
Microsoft Visual Studio Solution File, Format Version 12.00
# Visual Studio Version 16
VisualStudioVersion = 16.0.29613.14
MinimumVisualStudioVersion = 10.0.40219.1
Project("{9A19103F-16F7-4668-BE54-9A1E7A4F7556}") = "API-payment", "API-payment.csproj", "{6FE2F5A2-1117-46F4-880D-054F182DCB7C}"
EndProject
Global
	GlobalSection(SolutionConfigurationPlatforms) = preSolution
		Debug|Any CPU = Debug|Any CPU
		Release|Any CPU = Release|Any CPU
	EndGlobalSection
	GlobalSection(ProjectConfigurationPlatforms) = postSolution
		{6FE2F5A2-1117-46F4-880D-054F182DCB7C}.Debug|Any CPU.ActiveCfg = Debug|Any CPU
		{6FE2F5A2-1117-46F4-880D-054F182DCB7C}.Debug|Any CPU.Build.0 = Debug|Any CPU
		{6FE2F5A2-1117-46F4-880D-054F182DCB7C}.Release|Any CPU.ActiveCfg = Release|Any CPU
		{6FE2F5A2-1117-46F4-880D-054F182DCB7C}.Release|Any CPU.Build.0 = Release|Any CPU
	EndGlobalSection
	GlobalSection(SolutionProperties) = preSolution
		HideSolutionNode = FALSE
	EndGlobalSection
	GlobalSection(ExtensibilityGlobals) = postSolution
		SolutionGuid = {2A9BFD6F-5168-412D-AC86-21A7D0D2A1BD}
	EndGlobalSection
EndGlobal
